
Microsoft Visual Studio Solution File, Format Version 12.00
# Visual Studio Version 17
VisualStudioVersion = 17.5.002.0
MinimumVisualStudioVersion = 10.0.40219.1
Project("{9A19103F-16F7-4668-BE54-9A1E7A4F7556}") = "MiodOdStaniula", "MiodOdStaniula.csproj", "{08819673-6D01-4784-8D4B-9C4726904650}"
EndProject
Global
	GlobalSection(SolutionConfigurationPlatforms) = preSolution
		Debug|Any CPU = Debug|Any CPU
		Release|Any CPU = Release|Any CPU
	EndGlobalSection
	GlobalSection(ProjectConfigurationPlatforms) = postSolution
		{08819673-6D01-4784-8D4B-9C4726904650}.Debug|Any CPU.ActiveCfg = Debug|Any CPU
		{08819673-6D01-4784-8D4B-9C4726904650}.Debug|Any CPU.Build.0 = Debug|Any CPU
		{08819673-6D01-4784-8D4B-9C4726904650}.Release|Any CPU.ActiveCfg = Release|Any CPU
		{08819673-6D01-4784-8D4B-9C4726904650}.Release|Any CPU.Build.0 = Release|Any CPU
	EndGlobalSection
	GlobalSection(SolutionProperties) = preSolution
		HideSolutionNode = FALSE
	EndGlobalSection
	GlobalSection(ExtensibilityGlobals) = postSolution
		SolutionGuid = {27EC9F6A-6BDD-412D-87C2-E2AF35B47FF6}
	EndGlobalSection
EndGlobal
